// !$*UTF8*$!
{
	archiveVersion = 1;
	classes = {
	};
	objectVersion = 46;
	objects = {

/* Begin PBXBuildFile section */
		2D7032011552512A00C42AC5 /* UIKit.framework in Frameworks */ = {isa = PBXBuildFile; fileRef = 2D7032001552512A00C42AC5 /* UIKit.framework */; };
		2D7032031552512A00C42AC5 /* Foundation.framework in Frameworks */ = {isa = PBXBuildFile; fileRef = 2D7032021552512A00C42AC5 /* Foundation.framework */; };
		2D7032051552512A00C42AC5 /* CoreGraphics.framework in Frameworks */ = {isa = PBXBuildFile; fileRef = 2D7032041552512A00C42AC5 /* CoreGraphics.framework */; };
		2D70320B1552512A00C42AC5 /* InfoPlist.strings in Resources */ = {isa = PBXBuildFile; fileRef = 2D7032091552512A00C42AC5 /* InfoPlist.strings */; };
		2D70320D1552512A00C42AC5 /* main.m in Sources */ = {isa = PBXBuildFile; fileRef = 2D70320C1552512A00C42AC5 /* main.m */; };
		2D7032111552512A00C42AC5 /* FBFAppDelegate.m in Sources */ = {isa = PBXBuildFile; fileRef = 2D7032101552512A00C42AC5 /* FBFAppDelegate.m */; };
		2D7032141552512A00C42AC5 /* FBFViewController.m in Sources */ = {isa = PBXBuildFile; fileRef = 2D7032131552512A00C42AC5 /* FBFViewController.m */; };
		2D7032171552512A00C42AC5 /* FBFViewController_iPhone.xib in Resources */ = {isa = PBXBuildFile; fileRef = 2D7032151552512A00C42AC5 /* FBFViewController_iPhone.xib */; };
		2D70322B155256F400C42AC5 /* FBFTileView.m in Sources */ = {isa = PBXBuildFile; fileRef = 2D70322A155256F400C42AC5 /* FBFTileView.m */; };
		2D70322D15525A4B00C42AC5 /* koala.jpg in Resources */ = {isa = PBXBuildFile; fileRef = 2D70322C15525A4B00C42AC5 /* koala.jpg */; };
		2D70323015525BE700C42AC5 /* FBFImageModel.m in Sources */ = {isa = PBXBuildFile; fileRef = 2D70322F15525BE700C42AC5 /* FBFImageModel.m */; };
		2D703233155308CB00C42AC5 /* FBFConstants.m in Sources */ = {isa = PBXBuildFile; fileRef = 2D703232155308CB00C42AC5 /* FBFConstants.m */; };
/* End PBXBuildFile section */

/* Begin PBXFileReference section */
		2D7031FC1552512A00C42AC5 /* FourByFour.app */ = {isa = PBXFileReference; explicitFileType = wrapper.application; includeInIndex = 0; path = FourByFour.app; sourceTree = BUILT_PRODUCTS_DIR; };
		2D7032001552512A00C42AC5 /* UIKit.framework */ = {isa = PBXFileReference; lastKnownFileType = wrapper.framework; name = UIKit.framework; path = System/Library/Frameworks/UIKit.framework; sourceTree = SDKROOT; };
		2D7032021552512A00C42AC5 /* Foundation.framework */ = {isa = PBXFileReference; lastKnownFileType = wrapper.framework; name = Foundation.framework; path = System/Library/Frameworks/Foundation.framework; sourceTree = SDKROOT; };
		2D7032041552512A00C42AC5 /* CoreGraphics.framework */ = {isa = PBXFileReference; lastKnownFileType = wrapper.framework; name = CoreGraphics.framework; path = System/Library/Frameworks/CoreGraphics.framework; sourceTree = SDKROOT; };
		2D7032081552512A00C42AC5 /* FourByFour-Info.plist */ = {isa = PBXFileReference; lastKnownFileType = text.plist.xml; path = "FourByFour-Info.plist"; sourceTree = "<group>"; };
		2D70320A1552512A00C42AC5 /* en */ = {isa = PBXFileReference; lastKnownFileType = text.plist.strings; name = en; path = en.lproj/InfoPlist.strings; sourceTree = "<group>"; };
		2D70320C1552512A00C42AC5 /* main.m */ = {isa = PBXFileReference; lastKnownFileType = sourcecode.c.objc; path = main.m; sourceTree = "<group>"; };
		2D70320E1552512A00C42AC5 /* FourByFour-Prefix.pch */ = {isa = PBXFileReference; lastKnownFileType = sourcecode.c.h; path = "FourByFour-Prefix.pch"; sourceTree = "<group>"; };
		2D70320F1552512A00C42AC5 /* FBFAppDelegate.h */ = {isa = PBXFileReference; lastKnownFileType = sourcecode.c.h; path = FBFAppDelegate.h; sourceTree = "<group>"; };
		2D7032101552512A00C42AC5 /* FBFAppDelegate.m */ = {isa = PBXFileReference; lastKnownFileType = sourcecode.c.objc; path = FBFAppDelegate.m; sourceTree = "<group>"; };
		2D7032121552512A00C42AC5 /* FBFViewController.h */ = {isa = PBXFileReference; lastKnownFileType = sourcecode.c.h; path = FBFViewController.h; sourceTree = "<group>"; };
		2D7032131552512A00C42AC5 /* FBFViewController.m */ = {isa = PBXFileReference; lastKnownFileType = sourcecode.c.objc; path = FBFViewController.m; sourceTree = "<group>"; };
		2D7032161552512A00C42AC5 /* en */ = {isa = PBXFileReference; lastKnownFileType = file.xib; name = en; path = en.lproj/FBFViewController_iPhone.xib; sourceTree = "<group>"; };
		2D703229155256F400C42AC5 /* FBFTileView.h */ = {isa = PBXFileReference; fileEncoding = 4; lastKnownFileType = sourcecode.c.h; path = FBFTileView.h; sourceTree = "<group>"; };
		2D70322A155256F400C42AC5 /* FBFTileView.m */ = {isa = PBXFileReference; fileEncoding = 4; lastKnownFileType = sourcecode.c.objc; path = FBFTileView.m; sourceTree = "<group>"; };
		2D70322C15525A4B00C42AC5 /* koala.jpg */ = {isa = PBXFileReference; lastKnownFileType = image.jpeg; path = koala.jpg; sourceTree = "<group>"; };
		2D70322E15525BE700C42AC5 /* FBFImageModel.h */ = {isa = PBXFileReference; fileEncoding = 4; lastKnownFileType = sourcecode.c.h; path = FBFImageModel.h; sourceTree = "<group>"; };
		2D70322F15525BE700C42AC5 /* FBFImageModel.m */ = {isa = PBXFileReference; fileEncoding = 4; lastKnownFileType = sourcecode.c.objc; path = FBFImageModel.m; sourceTree = "<group>"; };
		2D7032311552FAB200C42AC5 /* FBFConstants.h */ = {isa = PBXFileReference; fileEncoding = 4; lastKnownFileType = sourcecode.c.h; path = FBFConstants.h; sourceTree = "<group>"; };
		2D703232155308CB00C42AC5 /* FBFConstants.m */ = {isa = PBXFileReference; fileEncoding = 4; lastKnownFileType = sourcecode.c.objc; name = FBFConstants.m; path = ../FBFConstants.m; sourceTree = "<group>"; };
/* End PBXFileReference section */

/* Begin PBXFrameworksBuildPhase section */
		2D7031F91552512A00C42AC5 /* Frameworks */ = {
			isa = PBXFrameworksBuildPhase;
			buildActionMask = 2147483647;
			files = (
				2D7032011552512A00C42AC5 /* UIKit.framework in Frameworks */,
				2D7032031552512A00C42AC5 /* Foundation.framework in Frameworks */,
				2D7032051552512A00C42AC5 /* CoreGraphics.framework in Frameworks */,
			);
			runOnlyForDeploymentPostprocessing = 0;
		};
/* End PBXFrameworksBuildPhase section */

/* Begin PBXGroup section */
		2D7031F11552512A00C42AC5 = {
			isa = PBXGroup;
			children = (
				2D7032061552512A00C42AC5 /* FourByFour */,
				2D7031FF1552512A00C42AC5 /* Frameworks */,
				2D7031FD1552512A00C42AC5 /* Products */,
			);
			sourceTree = "<group>";
		};
		2D7031FD1552512A00C42AC5 /* Products */ = {
			isa = PBXGroup;
			children = (
				2D7031FC1552512A00C42AC5 /* FourByFour.app */,
			);
			name = Products;
			sourceTree = "<group>";
		};
		2D7031FF1552512A00C42AC5 /* Frameworks */ = {
			isa = PBXGroup;
			children = (
				2D7032001552512A00C42AC5 /* UIKit.framework */,
				2D7032021552512A00C42AC5 /* Foundation.framework */,
				2D7032041552512A00C42AC5 /* CoreGraphics.framework */,
			);
			name = Frameworks;
			sourceTree = "<group>";
		};
		2D7032061552512A00C42AC5 /* FourByFour */ = {
			isa = PBXGroup;
			children = (
				2D7032311552FAB200C42AC5 /* FBFConstants.h */,
				2D703232155308CB00C42AC5 /* FBFConstants.m */,
				2D70322E15525BE700C42AC5 /* FBFImageModel.h */,
				2D70322F15525BE700C42AC5 /* FBFImageModel.m */,
				2D703229155256F400C42AC5 /* FBFTileView.h */,
				2D70322A155256F400C42AC5 /* FBFTileView.m */,
				2D70320F1552512A00C42AC5 /* FBFAppDelegate.h */,
				2D7032101552512A00C42AC5 /* FBFAppDelegate.m */,
				2D7032121552512A00C42AC5 /* FBFViewController.h */,
				2D7032131552512A00C42AC5 /* FBFViewController.m */,
				2D7032151552512A00C42AC5 /* FBFViewController_iPhone.xib */,
				2D7032071552512A00C42AC5 /* Supporting Files */,
			);
			path = FourByFour;
			sourceTree = "<group>";
		};
		2D7032071552512A00C42AC5 /* Supporting Files */ = {
			isa = PBXGroup;
			children = (
				2D70322C15525A4B00C42AC5 /* koala.jpg */,
				2D7032081552512A00C42AC5 /* FourByFour-Info.plist */,
				2D7032091552512A00C42AC5 /* InfoPlist.strings */,
				2D70320C1552512A00C42AC5 /* main.m */,
				2D70320E1552512A00C42AC5 /* FourByFour-Prefix.pch */,
			);
			name = "Supporting Files";
			sourceTree = "<group>";
		};
/* End PBXGroup section */

/* Begin PBXNativeTarget section */
		2D7031FB1552512A00C42AC5 /* FourByFour */ = {
			isa = PBXNativeTarget;
			buildConfigurationList = 2D70321D1552512A00C42AC5 /* Build configuration list for PBXNativeTarget "FourByFour" */;
			buildPhases = (
				2D7031F81552512A00C42AC5 /* Sources */,
				2D7031F91552512A00C42AC5 /* Frameworks */,
				2D7031FA1552512A00C42AC5 /* Resources */,
			);
			buildRules = (
			);
			dependencies = (
			);
			name = FourByFour;
			productName = FourByFour;
			productReference = 2D7031FC1552512A00C42AC5 /* FourByFour.app */;
			productType = "com.apple.product-type.application";
		};
/* End PBXNativeTarget section */

/* Begin PBXProject section */
		2D7031F31552512A00C42AC5 /* Project object */ = {
			isa = PBXProject;
			attributes = {
				CLASSPREFIX = FBF;
				LastUpgradeCheck = 0430;
			};
			buildConfigurationList = 2D7031F61552512A00C42AC5 /* Build configuration list for PBXProject "FourByFour" */;
			compatibilityVersion = "Xcode 3.2";
			developmentRegion = English;
			hasScannedForEncodings = 0;
			knownRegions = (
				en,
			);
			mainGroup = 2D7031F11552512A00C42AC5;
			productRefGroup = 2D7031FD1552512A00C42AC5 /* Products */;
			projectDirPath = "";
			projectRoot = "";
			targets = (
				2D7031FB1552512A00C42AC5 /* FourByFour */,
			);
		};
/* End PBXProject section */

/* Begin PBXResourcesBuildPhase section */
		2D7031FA1552512A00C42AC5 /* Resources */ = {
			isa = PBXResourcesBuildPhase;
			buildActionMask = 2147483647;
			files = (
				2D70320B1552512A00C42AC5 /* InfoPlist.strings in Resources */,
				2D7032171552512A00C42AC5 /* FBFViewController_iPhone.xib in Resources */,
				2D70322D15525A4B00C42AC5 /* koala.jpg in Resources */,
			);
			runOnlyForDeploymentPostprocessing = 0;
		};
/* End PBXResourcesBuildPhase section */

/* Begin PBXSourcesBuildPhase section */
		2D7031F81552512A00C42AC5 /* Sources */ = {
			isa = PBXSourcesBuildPhase;
			buildActionMask = 2147483647;
			files = (
				2D70320D1552512A00C42AC5 /* main.m in Sources */,
				2D7032111552512A00C42AC5 /* FBFAppDelegate.m in Sources */,
				2D7032141552512A00C42AC5 /* FBFViewController.m in Sources */,
				2D70322B155256F400C42AC5 /* FBFTileView.m in Sources */,
				2D70323015525BE700C42AC5 /* FBFImageModel.m in Sources */,
				2D703233155308CB00C42AC5 /* FBFConstants.m in Sources */,
			);
			runOnlyForDeploymentPostprocessing = 0;
		};
/* End PBXSourcesBuildPhase section */

/* Begin PBXVariantGroup section */
		2D7032091552512A00C42AC5 /* InfoPlist.strings */ = {
			isa = PBXVariantGroup;
			children = (
				2D70320A1552512A00C42AC5 /* en */,
			);
			name = InfoPlist.strings;
			sourceTree = "<group>";
		};
		2D7032151552512A00C42AC5 /* FBFViewController_iPhone.xib */ = {
			isa = PBXVariantGroup;
			children = (
				2D7032161552512A00C42AC5 /* en */,
			);
			name = FBFViewController_iPhone.xib;
			sourceTree = "<group>";
		};
/* End PBXVariantGroup section */

/* Begin XCBuildConfiguration section */
		2D70321B1552512A00C42AC5 /* Debug */ = {
			isa = XCBuildConfiguration;
			buildSettings = {
				ALWAYS_SEARCH_USER_PATHS = NO;
				ARCHS = "$(ARCHS_STANDARD_32_BIT)";
				"CODE_SIGN_IDENTITY[sdk=iphoneos*]" = "iPhone Developer";
				COPY_PHASE_STRIP = NO;
				GCC_C_LANGUAGE_STANDARD = gnu99;
				GCC_DYNAMIC_NO_PIC = NO;
				GCC_OPTIMIZATION_LEVEL = 0;
				GCC_PREPROCESSOR_DEFINITIONS = (
					"DEBUG=1",
					"$(inherited)",
				);
				GCC_SYMBOLS_PRIVATE_EXTERN = NO;
				GCC_VERSION = com.apple.compilers.llvm.clang.1_0;
				GCC_WARN_ABOUT_RETURN_TYPE = YES;
				GCC_WARN_UNINITIALIZED_AUTOS = YES;
				GCC_WARN_UNUSED_VARIABLE = YES;
				IPHONEOS_DEPLOYMENT_TARGET = 5.1;
				SDKROOT = iphoneos;
				TARGETED_DEVICE_FAMILY = "1,2";
			};
			name = Debug;
		};
		2D70321C1552512A00C42AC5 /* Release */ = {
			isa = XCBuildConfiguration;
			buildSettings = {
				ALWAYS_SEARCH_USER_PATHS = NO;
				ARCHS = "$(ARCHS_STANDARD_32_BIT)";
				"CODE_SIGN_IDENTITY[sdk=iphoneos*]" = "iPhone Developer";
				COPY_PHASE_STRIP = YES;
				GCC_C_LANGUAGE_STANDARD = gnu99;
				GCC_VERSION = com.apple.compilers.llvm.clang.1_0;
				GCC_WARN_ABOUT_RETURN_TYPE = YES;
				GCC_WARN_UNINITIALIZED_AUTOS = YES;
				GCC_WARN_UNUSED_VARIABLE = YES;
				IPHONEOS_DEPLOYMENT_TARGET = 5.1;
				OTHER_CFLAGS = "-DNS_BLOCK_ASSERTIONS=1";
				SDKROOT = iphoneos;
				TARGETED_DEVICE_FAMILY = "1,2";
				VALIDATE_PRODUCT = YES;
			};
			name = Release;
		};
		2D70321E1552512A00C42AC5 /* Debug */ = {
			isa = XCBuildConfiguration;
			buildSettings = {
				GCC_PRECOMPILE_PREFIX_HEADER = YES;
				GCC_PREFIX_HEADER = "FourByFour/FourByFour-Prefix.pch";
				INFOPLIST_FILE = "FourByFour/FourByFour-Info.plist";
				PRODUCT_NAME = "$(TARGET_NAME)";
				TARGETED_DEVICE_FAMILY = 1;
				WRAPPER_EXTENSION = app;
			};
			name = Debug;
		};
		2D70321F1552512A00C42AC5 /* Release */ = {
			isa = XCBuildConfiguration;
			buildSettings = {
				GCC_PRECOMPILE_PREFIX_HEADER = YES;
				GCC_PREFIX_HEADER = "FourByFour/FourByFour-Prefix.pch";
				INFOPLIST_FILE = "FourByFour/FourByFour-Info.plist";
				PRODUCT_NAME = "$(TARGET_NAME)";
				TARGETED_DEVICE_FAMILY = 1;
				WRAPPER_EXTENSION = app;
			};
			name = Release;
		};
/* End XCBuildConfiguration section */

/* Begin XCConfigurationList section */
		2D7031F61552512A00C42AC5 /* Build configuration list for PBXProject "FourByFour" */ = {
			isa = XCConfigurationList;
			buildConfigurations = (
				2D70321B1552512A00C42AC5 /* Debug */,
				2D70321C1552512A00C42AC5 /* Release */,
			);
			defaultConfigurationIsVisible = 0;
			defaultConfigurationName = Release;
		};
		2D70321D1552512A00C42AC5 /* Build configuration list for PBXNativeTarget "FourByFour" */ = {
			isa = XCConfigurationList;
			buildConfigurations = (
				2D70321E1552512A00C42AC5 /* Debug */,
				2D70321F1552512A00C42AC5 /* Release */,
			);
			defaultConfigurationIsVisible = 0;
			defaultConfigurationName = Release;
		};
/* End XCConfigurationList section */
	};
	rootObject = 2D7031F31552512A00C42AC5 /* Project object */;
}
